
Microsoft Visual Studio Solution File, Format Version 12.00
# Visual Studio Version 17
VisualStudioVersion = 17.7.34031.279
MinimumVisualStudioVersion = 10.0.40219.1
Project("{FAE04EC0-301F-11D3-BF4B-00C04F79EFBC}") = "Suma de matriz", "Suma de matriz.csproj", "{65DC15C3-4663-4F72-B3F9-721BE6E0C3A9}"
EndProject
Global
	GlobalSection(SolutionConfigurationPlatforms) = preSolution
		Debug|Any CPU = Debug|Any CPU
		Release|Any CPU = Release|Any CPU
	EndGlobalSection
	GlobalSection(ProjectConfigurationPlatforms) = postSolution
		{65DC15C3-4663-4F72-B3F9-721BE6E0C3A9}.Debug|Any CPU.ActiveCfg = Debug|Any CPU
		{65DC15C3-4663-4F72-B3F9-721BE6E0C3A9}.Debug|Any CPU.Build.0 = Debug|Any CPU
		{65DC15C3-4663-4F72-B3F9-721BE6E0C3A9}.Release|Any CPU.ActiveCfg = Release|Any CPU
		{65DC15C3-4663-4F72-B3F9-721BE6E0C3A9}.Release|Any CPU.Build.0 = Release|Any CPU
	EndGlobalSection
	GlobalSection(SolutionProperties) = preSolution
		HideSolutionNode = FALSE
	EndGlobalSection
	GlobalSection(ExtensibilityGlobals) = postSolution
		SolutionGuid = {F83B343D-618B-489F-BC0D-E902A753BEFA}
	EndGlobalSection
EndGlobal
