
Microsoft Visual Studio Solution File, Format Version 12.00
# Visual Studio Version 17
VisualStudioVersion = 17.7.34031.279
MinimumVisualStudioVersion = 10.0.40219.1
Project("{FAE04EC0-301F-11D3-BF4B-00C04F79EFBC}") = "SumaDediagonal", "SumaDediagonal.csproj", "{AC6B9F1A-9A74-4D5B-AE94-7EDAE753F9AE}"
EndProject
Global
	GlobalSection(SolutionConfigurationPlatforms) = preSolution
		Debug|Any CPU = Debug|Any CPU
		Release|Any CPU = Release|Any CPU
	EndGlobalSection
	GlobalSection(ProjectConfigurationPlatforms) = postSolution
		{AC6B9F1A-9A74-4D5B-AE94-7EDAE753F9AE}.Debug|Any CPU.ActiveCfg = Debug|Any CPU
		{AC6B9F1A-9A74-4D5B-AE94-7EDAE753F9AE}.Debug|Any CPU.Build.0 = Debug|Any CPU
		{AC6B9F1A-9A74-4D5B-AE94-7EDAE753F9AE}.Release|Any CPU.ActiveCfg = Release|Any CPU
		{AC6B9F1A-9A74-4D5B-AE94-7EDAE753F9AE}.Release|Any CPU.Build.0 = Release|Any CPU
	EndGlobalSection
	GlobalSection(SolutionProperties) = preSolution
		HideSolutionNode = FALSE
	EndGlobalSection
	GlobalSection(ExtensibilityGlobals) = postSolution
		SolutionGuid = {6F9A98DF-53A2-41E8-B70E-F8C132AB8C3C}
	EndGlobalSection
EndGlobal
